
Microsoft Visual Studio Solution File, Format Version 12.00
# Visual Studio Version 17
VisualStudioVersion = 17.14.37411.7
MinimumVisualStudioVersion = 10.0.40219.1
Project("{FAE04EC0-301F-11D3-BF4B-00C04F79EFBC}") = "Test", "Test.csproj", "{D02E1744-54A5-4865-8C11-4B968A5CE4B0}"
EndProject
Project("{2150E333-8FDC-42A3-9474-1A3956D46DE8}") = "솔루션 항목", "솔루션 항목", "{2A3A057F-5D22-31FD-628C-DF5EF75AEF1E}"
EndProject
Project("{8BC9CEB8-8B4A-11D0-8D11-00A0C91BC942}") = "NativeImageProcessing", "..\NativeImageProcessing\NativeImageProcessing.vcxproj", "{CBC2351A-C238-432E-A863-B7B4FC58BFA5}"
EndProject
Global
	GlobalSection(SolutionConfigurationPlatforms) = preSolution
		Debug|Any CPU = Debug|Any CPU
		Debug|x64 = Debug|x64
		Debug|x86 = Debug|x86
		Release|Any CPU = Release|Any CPU
		Release|x64 = Release|x64
		Release|x86 = Release|x86
	EndGlobalSection
	GlobalSection(ProjectConfigurationPlatforms) = postSolution
		{D02E1744-54A5-4865-8C11-4B968A5CE4B0}.Debug|Any CPU.ActiveCfg = Debug|Any CPU
		{D02E1744-54A5-4865-8C11-4B968A5CE4B0}.Debug|Any CPU.Build.0 = Debug|Any CPU
		{D02E1744-54A5-4865-8C11-4B968A5CE4B0}.Debug|x64.ActiveCfg = Debug|Any CPU
		{D02E1744-54A5-4865-8C11-4B968A5CE4B0}.Debug|x64.Build.0 = Debug|Any CPU
		{D02E1744-54A5-4865-8C11-4B968A5CE4B0}.Debug|x86.ActiveCfg = Debug|Any CPU
		{D02E1744-54A5-4865-8C11-4B968A5CE4B0}.Debug|x86.Build.0 = Debug|Any CPU
		{D02E1744-54A5-4865-8C11-4B968A5CE4B0}.Release|Any CPU.ActiveCfg = Release|Any CPU
		{D02E1744-54A5-4865-8C11-4B968A5CE4B0}.Release|Any CPU.Build.0 = Release|Any CPU
		{D02E1744-54A5-4865-8C11-4B968A5CE4B0}.Release|x64.ActiveCfg = Release|x64
		{D02E1744-54A5-4865-8C11-4B968A5CE4B0}.Release|x64.Build.0 = Release|x64
		{D02E1744-54A5-4865-8C11-4B968A5CE4B0}.Release|x86.ActiveCfg = Release|Any CPU
		{D02E1744-54A5-4865-8C11-4B968A5CE4B0}.Release|x86.Build.0 = Release|Any CPU
		{CBC2351A-C238-432E-A863-B7B4FC58BFA5}.Debug|Any CPU.ActiveCfg = Debug|x64
		{CBC2351A-C238-432E-A863-B7B4FC58BFA5}.Debug|Any CPU.Build.0 = Debug|x64
		{CBC2351A-C238-432E-A863-B7B4FC58BFA5}.Debug|x64.ActiveCfg = Debug|x64
		{CBC2351A-C238-432E-A863-B7B4FC58BFA5}.Debug|x64.Build.0 = Debug|x64
		{CBC2351A-C238-432E-A863-B7B4FC58BFA5}.Debug|x86.ActiveCfg = Debug|Win32
		{CBC2351A-C238-432E-A863-B7B4FC58BFA5}.Debug|x86.Build.0 = Debug|Win32
		{CBC2351A-C238-432E-A863-B7B4FC58BFA5}.Release|Any CPU.ActiveCfg = Release|x64
		{CBC2351A-C238-432E-A863-B7B4FC58BFA5}.Release|Any CPU.Build.0 = Release|x64
		{CBC2351A-C238-432E-A863-B7B4FC58BFA5}.Release|x64.ActiveCfg = Release|x64
		{CBC2351A-C238-432E-A863-B7B4FC58BFA5}.Release|x64.Build.0 = Release|x64
		{CBC2351A-C238-432E-A863-B7B4FC58BFA5}.Release|x86.ActiveCfg = Release|Win32
		{CBC2351A-C238-432E-A863-B7B4FC58BFA5}.Release|x86.Build.0 = Release|Win32
	EndGlobalSection
	GlobalSection(SolutionProperties) = preSolution
		HideSolutionNode = FALSE
	EndGlobalSection
	GlobalSection(ExtensibilityGlobals) = postSolution
		SolutionGuid = {052FBCAF-48AE-4B6C-932D-AC2C87D89F90}
	EndGlobalSection
EndGlobal
